
Microsoft Visual Studio Solution File, Format Version 12.00
# Visual Studio Version 17
VisualStudioVersion = 17.5.002.0
MinimumVisualStudioVersion = 10.0.40219.1
Project("{9A19103F-16F7-4668-BE54-9A1E7A4F7556}") = "TestAlttrashCSharp", "TestAlttrashCSharp.csproj", "{AF40827E-DC03-4F10-911D-BB547F7F0A5C}"
EndProject
Global
	GlobalSection(SolutionConfigurationPlatforms) = preSolution
		Debug|Any CPU = Debug|Any CPU
		Release|Any CPU = Release|Any CPU
	EndGlobalSection
	GlobalSection(ProjectConfigurationPlatforms) = postSolution
		{AF40827E-DC03-4F10-911D-BB547F7F0A5C}.Debug|Any CPU.ActiveCfg = Debug|Any CPU
		{AF40827E-DC03-4F10-911D-BB547F7F0A5C}.Debug|Any CPU.Build.0 = Debug|Any CPU
		{AF40827E-DC03-4F10-911D-BB547F7F0A5C}.Release|Any CPU.ActiveCfg = Release|Any CPU
		{AF40827E-DC03-4F10-911D-BB547F7F0A5C}.Release|Any CPU.Build.0 = Release|Any CPU
	EndGlobalSection
	GlobalSection(SolutionProperties) = preSolution
		HideSolutionNode = FALSE
	EndGlobalSection
	GlobalSection(ExtensibilityGlobals) = postSolution
		SolutionGuid = {DC7B0E8B-C01B-4B34-B856-9C727F2662D9}
	EndGlobalSection
EndGlobal
